
Microsoft Visual Studio Solution File, Format Version 12.00
# Visual Studio 15
VisualStudioVersion = 15.0.27004.2002
MinimumVisualStudioVersion = 10.0.40219.1
Project("{FAE04EC0-301F-11D3-BF4B-00C04F79EFBC}") = "ChatBot", "ChatBot\ChatBot.csproj", "{3508C722-1B84-4718-91F3-28C68DBC910D}"
EndProject
Global
	GlobalSection(SolutionConfigurationPlatforms) = preSolution
		Debug|Any CPU = Debug|Any CPU
		Release|Any CPU = Release|Any CPU
	EndGlobalSection
	GlobalSection(ProjectConfigurationPlatforms) = postSolution
		{3508C722-1B84-4718-91F3-28C68DBC910D}.Debug|Any CPU.ActiveCfg = Debug|Any CPU
		{3508C722-1B84-4718-91F3-28C68DBC910D}.Debug|Any CPU.Build.0 = Debug|Any CPU
		{3508C722-1B84-4718-91F3-28C68DBC910D}.Release|Any CPU.ActiveCfg = Release|Any CPU
		{3508C722-1B84-4718-91F3-28C68DBC910D}.Release|Any CPU.Build.0 = Release|Any CPU
	EndGlobalSection
	GlobalSection(SolutionProperties) = preSolution
		HideSolutionNode = FALSE
	EndGlobalSection
	GlobalSection(ExtensibilityGlobals) = postSolution
		SolutionGuid = {31BB661F-7933-40B7-9F95-07FEA41E23CB}
	EndGlobalSection
EndGlobal
